<?xml version="1.0" encoding="utf-8"?>
<Project ToolsVersion="4.0" xmlns="http://schemas.microsoft.com/developer/msbuild/2003">
  <ItemGroup>
    <Filter Include="Source Files">
      <UniqueIdentifier>{4FC737F1-C7A5-4376-A066-2A32D752A2FF}</UniqueIdentifier>
      <Extensions>cpp;c;cc;cxx;c++;cppm;ixx;def;odl;idl;hpj;bat;asm;asmx</Extensions>
    </Filter>
    <Filter Include="Header Files">
      <UniqueIdentifier>{93995380-89BD-4b04-88EB-625FBE52EBFB}</UniqueIdentifier>
      <Extensions>h;hh;hpp;hxx;h++;hm;inl;inc;ipp;xsd</Extensions>
    </Filter>
    <Filter Include="Resource Files">
      <UniqueIdentifier>{67DA6AB6-F800-4c08-8B7A-83BB121AAD01}</UniqueIdentifier>
      <Extensions>rc;ico;cur;bmp;dlg;rc2;rct;bin;rgs;gif;jpg;jpeg;jpe;resx;tiff;tif;png;wav;mfcribbon-ms</Extensions>
    </Filter>
  </ItemGroup>
  <ItemGroup>
    <ClCompile Include="Source.cpp">
      <Filter>Source Files</Filter>
    </ClCompile>
    <ClCompile Include="StringLiteralsAsTemplateParameters.cpp">
      <Filter>Source Files</Filter>
    </ClCompile>
    <ClCompile Include="ConstexprVirtual.cpp">
      <Filter>Source Files</Filter>
    </ClCompile>
    <ClCompile Include="RangeBasedForLoopWithInitializers.cpp">
      <Filter>Source Files</Filter>
    </ClCompile>
    <ClCompile Include="Designatedinitializers.cpp">
      <Filter>Source Files</Filter>
    </ClCompile>
    <ClCompile Include="TemplateParameterForLambdas.cpp">
      <Filter>Source Files</Filter>
    </ClCompile>
    <ClCompile Include="CaptureVariadicPack.cpp">
      <Filter>Source Files</Filter>
    </ClCompile>
    <ClCompile Include="NewAttributes.cpp">
      <Filter>Source Files</Filter>
    </ClCompile>
    <ClCompile Include="KeywordConsteval.cpp">
      <Filter>Source Files</Filter>
    </ClCompile>
    <ClCompile Include="KeywordConstinit.cpp">
      <Filter>Source Files</Filter>
    </ClCompile>
    <ClCompile Include="SourceLocation.cpp">
      <Filter>Source Files</Filter>
    </ClCompile>
    <ClCompile Include="DateTimeUtilities.cpp">
      <Filter>Source Files</Filter>
    </ClCompile>
    <ClCompile Include="UsingEnum.cpp">
      <Filter>Source Files</Filter>
    </ClCompile>
    <ClCompile Include="DeprecateImplicitCaptureOfThis.cpp">
      <Filter>Source Files</Filter>
    </ClCompile>
    <ClCompile Include="starts_with_ends_with.cpp">
      <Filter>Source Files</Filter>
    </ClCompile>
    <ClCompile Include="CheckIfContainerHasElement.cpp">
      <Filter>Source Files</Filter>
    </ClCompile>
    <ClCompile Include="numbers.cpp">
      <Filter>Source Files</Filter>
    </ClCompile>
    <ClCompile Include="span.cpp">
      <Filter>Source Files</Filter>
    </ClCompile>
    <ClCompile Include="MiddlePoint.cpp">
      <Filter>Source Files</Filter>
    </ClCompile>
    <ClCompile Include="ToArray.cpp">
      <Filter>Source Files</Filter>
    </ClCompile>
    <ClCompile Include="ConstexprVector.cpp">
      <Filter>Source Files</Filter>
    </ClCompile>
    <ClCompile Include="ConstexprString.cpp">
      <Filter>Source Files</Filter>
    </ClCompile>
    <ClCompile Include="FormattingLibrary.cpp">
      <Filter>Source Files</Filter>
    </ClCompile>
    <ClCompile Include="Ranges.cpp">
      <Filter>Source Files</Filter>
    </ClCompile>
    <ClCompile Include="Modules.ixx">
      <Filter>Source Files</Filter>
    </ClCompile>
    <ClCompile Include="Concepts.cpp">
      <Filter>Source Files</Filter>
    </ClCompile>
    <ClCompile Include="Three-WayComparisonOperator.cpp">
      <Filter>Source Files</Filter>
    </ClCompile>
  </ItemGroup>
</Project>